{
  "lockfile_version": "1",
  "packages": {
    "github:NixOS/nixpkgs/nixpkgs-unstable": {
      "last_modified": "2025-10-05T02:43:53Z",
      "resolved": "github:NixOS/nixpkgs/d7f52a7a640bc54c7bb414cca603835bf8dd4b10?lastModified=1759632233&narHash=sha256-krgZxGAIIIKFJS%2BUB0l8do3sYUDWJc75M72tepmVMzE%3D"
    },
    "pre-commit@latest": {
      "last_modified": "2025-10-09T02:37:25Z",
      "resolved": "github:NixOS/nixpkgs/2dad7af78a183b6c486702c18af8a9544f298377#pre-commit",
      "source": "devbox-search",
      "version": "4.3.0",
      "systems": {
        "aarch64-darwin": {
          "outputs": [
            {
              "name": "out",
              "path": "/nix/store/p9cfqn0aqg8f5zdzzn84l1cqppwr8k67-pre-commit-4.3.0",
              "default": true
            },
            {
              "name": "dist",
              "path": "/nix/store/q2dnkwwccbax91zsnp1ay8wkl9hwxizs-pre-commit-4.3.0-dist"
            }
          ],
          "store_path": "/nix/store/p9cfqn0aqg8f5zdzzn84l1cqppwr8k67-pre-commit-4.3.0"
        },
        "aarch64-linux": {
          "outputs": [
            {
              "name": "out",
              "path": "/nix/store/kcbh6rplj60dqgijlwqcl6w40jq6j79w-pre-commit-4.3.0",
              "default": true
            },
            {
              "name": "dist",
              "path": "/nix/store/lq78vyqi69igksqsnhpgxyvglihjy2xs-pre-commit-4.3.0-dist"
            }
          ],
          "store_path": "/nix/store/kcbh6rplj60dqgijlwqcl6w40jq6j79w-pre-commit-4.3.0"
        },
        "x86_64-darwin": {
          "outputs": [
            {
              "name": "out",
              "path": "/nix/store/dn3cnk6xs8ba6whsrrda59bysikxwmgj-pre-commit-4.3.0",
              "default": true
            },
            {
              "name": "dist",
              "path": "/nix/store/5mnfr1gmsx7lv61ny0iaiybkcqnq9rbs-pre-commit-4.3.0-dist"
            }
          ],
          "store_path": "/nix/store/dn3cnk6xs8ba6whsrrda59bysikxwmgj-pre-commit-4.3.0"
        },
        "x86_64-linux": {
          "outputs": [
            {
              "name": "out",
              "path": "/nix/store/6h8kg6idf3xds25i34c16xfb23zzdccw-pre-commit-4.3.0",
              "default": true
            },
            {
              "name": "dist",
              "path": "/nix/store/d3kbk7h9jvdbxnckklvmjz1cqdgdidxb-pre-commit-4.3.0-dist"
            }
          ],
          "store_path": "/nix/store/6h8kg6idf3xds25i34c16xfb23zzdccw-pre-commit-4.3.0"
        }
      }
    },
    "python@latest": {
      "last_modified": "2025-10-08T01:30:28Z",
      "plugin_version": "0.0.4",
      "resolved": "github:NixOS/nixpkgs/8b5c9dd8856f0c0cf46cc91f2c21c106a9d42e25#python314",
      "source": "devbox-search",
      "version": "3.14.0",
      "systems": {
        "aarch64-darwin": {
          "outputs": [
            {
              "name": "out",
              "path": "/nix/store/2sqv05h8017f38w5rvppb2f5wbbisnwp-python3-3.14.0",
              "default": true
            }
          ],
          "store_path": "/nix/store/2sqv05h8017f38w5rvppb2f5wbbisnwp-python3-3.14.0"
        },
        "aarch64-linux": {
          "outputs": [
            {
              "name": "out",
              "path": "/nix/store/zlph3shgrkfmrhkxbgmi6qa26gfzl58q-python3-3.14.0",
              "default": true
            },
            {
              "name": "debug",
              "path": "/nix/store/3zmfrpjfpqaxcl68hlg5nfzvx49awjks-python3-3.14.0-debug"
            }
          ],
          "store_path": "/nix/store/zlph3shgrkfmrhkxbgmi6qa26gfzl58q-python3-3.14.0"
        },
        "x86_64-darwin": {
          "outputs": [
            {
              "name": "out",
              "path": "/nix/store/bq9ss2vlr05zdrhcfmvclm0gsrc7i6xb-python3-3.14.0",
              "default": true
            }
          ],
          "store_path": "/nix/store/bq9ss2vlr05zdrhcfmvclm0gsrc7i6xb-python3-3.14.0"
        },
        "x86_64-linux": {
          "outputs": [
            {
              "name": "out",
              "path": "/nix/store/76lchhz5hhik0j5hjy6lwwn3ik0x54aa-python3-3.14.0",
              "default": true
            },
            {
              "name": "debug",
              "path": "/nix/store/rjm597f2d9bjllyjnv3y20261bwxd108-python3-3.14.0-debug"
            }
          ],
          "store_path": "/nix/store/76lchhz5hhik0j5hjy6lwwn3ik0x54aa-python3-3.14.0"
        }
      }
    },
    "uv@latest": {
      "last_modified": "2025-10-07T08:41:47Z",
      "resolved": "github:NixOS/nixpkgs/bce5fe2bb998488d8e7e7856315f90496723793c#uv",
      "source": "devbox-search",
      "version": "0.8.19",
      "systems": {
        "aarch64-darwin": {
          "outputs": [
            {
              "name": "out",
              "path": "/nix/store/lv129j2nzhmqidpp52kf359adwdxxv24-uv-0.8.19",
              "default": true
            }
          ],
          "store_path": "/nix/store/lv129j2nzhmqidpp52kf359adwdxxv24-uv-0.8.19"
        },
        "aarch64-linux": {
          "outputs": [
            {
              "name": "out",
              "path": "/nix/store/rmv0i8zwjsyxkiim6bspy9fx9sqdxi37-uv-0.8.19",
              "default": true
            }
          ],
          "store_path": "/nix/store/rmv0i8zwjsyxkiim6bspy9fx9sqdxi37-uv-0.8.19"
        },
        "x86_64-darwin": {
          "outputs": [
            {
              "name": "out",
              "path": "/nix/store/z2xcpx4vnbkn9v8iqss4d71fgz13n8m1-uv-0.8.19",
              "default": true
            }
          ],
          "store_path": "/nix/store/z2xcpx4vnbkn9v8iqss4d71fgz13n8m1-uv-0.8.19"
        },
        "x86_64-linux": {
          "outputs": [
            {
              "name": "out",
              "path": "/nix/store/jiwzxayklgiacpgj0fivzk7abp7gm6bm-uv-0.8.19",
              "default": true
            }
          ],
          "store_path": "/nix/store/jiwzxayklgiacpgj0fivzk7abp7gm6bm-uv-0.8.19"
        }
      }
    },
    "yq-go@latest": {
      "last_modified": "2025-10-12T08:13:11Z",
      "resolved": "github:NixOS/nixpkgs/832e3b6db48508ae436c2c7bfc0cf914eac6938e#yq-go",
      "source": "devbox-search",
      "version": "4.48.1",
      "systems": {
        "aarch64-darwin": {
          "outputs": [
            {
              "name": "out",
              "path": "/nix/store/cis6x044wpmg1xkdzbw4ba7j4x4nkwlz-yq-go-4.48.1",
              "default": true
            }
          ],
          "store_path": "/nix/store/cis6x044wpmg1xkdzbw4ba7j4x4nkwlz-yq-go-4.48.1"
        },
        "aarch64-linux": {
          "outputs": [
            {
              "name": "out",
              "path": "/nix/store/r7jrra6ssppk23659xrrn4zxvmkawdna-yq-go-4.48.1",
              "default": true
            }
          ],
          "store_path": "/nix/store/r7jrra6ssppk23659xrrn4zxvmkawdna-yq-go-4.48.1"
        },
        "x86_64-darwin": {
          "outputs": [
            {
              "name": "out",
              "path": "/nix/store/nqa74cz3q0y980gd2pymfgbdmacgck1a-yq-go-4.48.1",
              "default": true
            }
          ],
          "store_path": "/nix/store/nqa74cz3q0y980gd2pymfgbdmacgck1a-yq-go-4.48.1"
        },
        "x86_64-linux": {
          "outputs": [
            {
              "name": "out",
              "path": "/nix/store/xgkiq4mfp02pfpf5jlqm0cwp1g3njxw4-yq-go-4.48.1",
              "default": true
            }
          ],
          "store_path": "/nix/store/xgkiq4mfp02pfpf5jlqm0cwp1g3njxw4-yq-go-4.48.1"
        }
      }
    }
  }
}
